
Microsoft Visual Studio Solution File, Format Version 12.00
# Visual Studio 15
VisualStudioVersion = 15.0.28010.0
MinimumVisualStudioVersion = 10.0.40219.1
Project("{9A19103F-16F7-4668-BE54-9A1E7A4F7556}") = "Tangy", "Tangy\Tangy.csproj", "{662ABF8E-ABE1-4DCE-A527-727A696D5D2D}"
EndProject
Global
	GlobalSection(SolutionConfigurationPlatforms) = preSolution
		Debug|Any CPU = Debug|Any CPU
		Release|Any CPU = Release|Any CPU
	EndGlobalSection
	GlobalSection(ProjectConfigurationPlatforms) = postSolution
		{662ABF8E-ABE1-4DCE-A527-727A696D5D2D}.Debug|Any CPU.ActiveCfg = Debug|Any CPU
		{662ABF8E-ABE1-4DCE-A527-727A696D5D2D}.Debug|Any CPU.Build.0 = Debug|Any CPU
		{662ABF8E-ABE1-4DCE-A527-727A696D5D2D}.Release|Any CPU.ActiveCfg = Release|Any CPU
		{662ABF8E-ABE1-4DCE-A527-727A696D5D2D}.Release|Any CPU.Build.0 = Release|Any CPU
	EndGlobalSection
	GlobalSection(SolutionProperties) = preSolution
		HideSolutionNode = FALSE
	EndGlobalSection
	GlobalSection(ExtensibilityGlobals) = postSolution
		SolutionGuid = {B20ABF12-57FA-485D-9325-4C35401D996E}
	EndGlobalSection
EndGlobal
